// !$*UTF8*$!
{
	archiveVersion = 1;
	classes = {
	};
	objectVersion = 46;
	objects = {

/* Begin PBXBuildFile section */
		9254186F1BA0DA18007D2F96 /* SurveyViewController.swift in Sources */ = {isa = PBXBuildFile; fileRef = 9254186E1BA0DA18007D2F96 /* SurveyViewController.swift */; };
		925418711BA0DA29007D2F96 /* PhotoViewController.swift in Sources */ = {isa = PBXBuildFile; fileRef = 925418701BA0DA29007D2F96 /* PhotoViewController.swift */; };
		92724B8C1BBCD2B0003969A2 /* pro.json in Resources */ = {isa = PBXBuildFile; fileRef = 92724B8B1BBCD2B0003969A2 /* pro.json */; };
		92724B8E1BBCD2DE003969A2 /* SwiftyJSON.swift in Sources */ = {isa = PBXBuildFile; fileRef = 92724B8D1BBCD2DE003969A2 /* SwiftyJSON.swift */; };
		9299193A1BE889B300BB5BD9 /* SummaryViewController.swift in Sources */ = {isa = PBXBuildFile; fileRef = 929919391BE889B300BB5BD9 /* SummaryViewController.swift */; };
		92C9EE151BE9733600325004 /* SSRadioButtonController in Resources */ = {isa = PBXBuildFile; fileRef = 92C9EE141BE9733600325004 /* SSRadioButtonController */; };
		92C9EE181BE973BD00325004 /* SSRadioButton.swift in Sources */ = {isa = PBXBuildFile; fileRef = 92C9EE161BE973BD00325004 /* SSRadioButton.swift */; };
		92C9EE191BE973BD00325004 /* SSRadioButtonsController.swift in Sources */ = {isa = PBXBuildFile; fileRef = 92C9EE171BE973BD00325004 /* SSRadioButtonsController.swift */; };
		92D4E6821B9E47E700430D3E /* AppDelegate.swift in Sources */ = {isa = PBXBuildFile; fileRef = 92D4E6811B9E47E700430D3E /* AppDelegate.swift */; };
		92D4E6861B9E47E700430D3E /* DataViewController.swift in Sources */ = {isa = PBXBuildFile; fileRef = 92D4E6851B9E47E700430D3E /* DataViewController.swift */; };
		92D4E6881B9E47E700430D3E /* ModelController.swift in Sources */ = {isa = PBXBuildFile; fileRef = 92D4E6871B9E47E700430D3E /* ModelController.swift */; };
		92D4E68B1B9E47E700430D3E /* Main.storyboard in Resources */ = {isa = PBXBuildFile; fileRef = 92D4E6891B9E47E700430D3E /* Main.storyboard */; };
		92D4E68D1B9E47E700430D3E /* Images.xcassets in Resources */ = {isa = PBXBuildFile; fileRef = 92D4E68C1B9E47E700430D3E /* Images.xcassets */; };
		92D4E6901B9E47E700430D3E /* LaunchScreen.xib in Resources */ = {isa = PBXBuildFile; fileRef = 92D4E68E1B9E47E700430D3E /* LaunchScreen.xib */; };
		92D4E69C1B9E47E700430D3E /* Tele_VisionTests.swift in Sources */ = {isa = PBXBuildFile; fileRef = 92D4E69B1B9E47E700430D3E /* Tele_VisionTests.swift */; };
		92F8FD4A1B9FA7AB0099300A /* logoTelevision.png in Resources */ = {isa = PBXBuildFile; fileRef = 92F8FD481B9FA7AB0099300A /* logoTelevision.png */; };
		92F8FD4B1B9FA7AB0099300A /* mayobg.png in Resources */ = {isa = PBXBuildFile; fileRef = 92F8FD491B9FA7AB0099300A /* mayobg.png */; };
		92F8FD4D1B9FA8830099300A /* LoginViewController.swift in Sources */ = {isa = PBXBuildFile; fileRef = 92F8FD4C1B9FA8830099300A /* LoginViewController.swift */; };
		92F8FD4F1B9FA88D0099300A /* PatientIDViewController.swift in Sources */ = {isa = PBXBuildFile; fileRef = 92F8FD4E1B9FA88D0099300A /* PatientIDViewController.swift */; };
		C940ACF01BE519D00019802B /* mayo-clinic-logo.png in Resources */ = {isa = PBXBuildFile; fileRef = C940ACEF1BE519D00019802B /* mayo-clinic-logo.png */; };
		C940ACF21BE51F290019802B /* mayo-clinic-shield.png in Resources */ = {isa = PBXBuildFile; fileRef = C940ACF11BE51F290019802B /* mayo-clinic-shield.png */; };
		C96EB6991BE7EBB500DC7A5D /* mayo_splash.png in Resources */ = {isa = PBXBuildFile; fileRef = C96EB6981BE7EBB500DC7A5D /* mayo_splash.png */; };
/* End PBXBuildFile section */

/* Begin PBXContainerItemProxy section */
		92D4E6961B9E47E700430D3E /* PBXContainerItemProxy */ = {
			isa = PBXContainerItemProxy;
			containerPortal = 92D4E6741B9E47E700430D3E /* Project object */;
			proxyType = 1;
			remoteGlobalIDString = 92D4E67B1B9E47E700430D3E;
			remoteInfo = "Tele Vision";
		};
/* End PBXContainerItemProxy section */

/* Begin PBXFileReference section */
		9254186E1BA0DA18007D2F96 /* SurveyViewController.swift */ = {isa = PBXFileReference; fileEncoding = 4; lastKnownFileType = sourcecode.swift; path = SurveyViewController.swift; sourceTree = "<group>"; };
		925418701BA0DA29007D2F96 /* PhotoViewController.swift */ = {isa = PBXFileReference; fileEncoding = 4; lastKnownFileType = sourcecode.swift; path = PhotoViewController.swift; sourceTree = "<group>"; };
		92724B8B1BBCD2B0003969A2 /* pro.json */ = {isa = PBXFileReference; fileEncoding = 4; lastKnownFileType = text.json; path = pro.json; sourceTree = "<group>"; };
		92724B8D1BBCD2DE003969A2 /* SwiftyJSON.swift */ = {isa = PBXFileReference; fileEncoding = 4; lastKnownFileType = sourcecode.swift; path = SwiftyJSON.swift; sourceTree = "<group>"; };
		929919391BE889B300BB5BD9 /* SummaryViewController.swift */ = {isa = PBXFileReference; fileEncoding = 4; lastKnownFileType = sourcecode.swift; path = SummaryViewController.swift; sourceTree = "<group>"; };
		92C9EE141BE9733600325004 /* SSRadioButtonController */ = {isa = PBXFileReference; lastKnownFileType = folder; path = SSRadioButtonController; sourceTree = "<group>"; };
		92C9EE161BE973BD00325004 /* SSRadioButton.swift */ = {isa = PBXFileReference; fileEncoding = 4; lastKnownFileType = sourcecode.swift; name = SSRadioButton.swift; path = SSRadioButtonController/SSRadioButton.swift; sourceTree = "<group>"; };
		92C9EE171BE973BD00325004 /* SSRadioButtonsController.swift */ = {isa = PBXFileReference; fileEncoding = 4; lastKnownFileType = sourcecode.swift; name = SSRadioButtonsController.swift; path = SSRadioButtonController/SSRadioButtonsController.swift; sourceTree = "<group>"; };
		92D4E67C1B9E47E700430D3E /* Tele Vision.app */ = {isa = PBXFileReference; explicitFileType = wrapper.application; includeInIndex = 0; path = "Tele Vision.app"; sourceTree = BUILT_PRODUCTS_DIR; };
		92D4E6801B9E47E700430D3E /* Info.plist */ = {isa = PBXFileReference; lastKnownFileType = text.plist.xml; path = Info.plist; sourceTree = "<group>"; };
		92D4E6811B9E47E700430D3E /* AppDelegate.swift */ = {isa = PBXFileReference; lastKnownFileType = sourcecode.swift; path = AppDelegate.swift; sourceTree = "<group>"; };
		92D4E6851B9E47E700430D3E /* DataViewController.swift */ = {isa = PBXFileReference; lastKnownFileType = sourcecode.swift; path = DataViewController.swift; sourceTree = "<group>"; };
		92D4E6871B9E47E700430D3E /* ModelController.swift */ = {isa = PBXFileReference; lastKnownFileType = sourcecode.swift; path = ModelController.swift; sourceTree = "<group>"; };
		92D4E68A1B9E47E700430D3E /* Base */ = {isa = PBXFileReference; lastKnownFileType = file.storyboard; name = Base; path = Base.lproj/Main.storyboard; sourceTree = "<group>"; };
		92D4E68C1B9E47E700430D3E /* Images.xcassets */ = {isa = PBXFileReference; lastKnownFileType = folder.assetcatalog; path = Images.xcassets; sourceTree = "<group>"; };
		92D4E68F1B9E47E700430D3E /* Base */ = {isa = PBXFileReference; lastKnownFileType = file.xib; name = Base; path = Base.lproj/LaunchScreen.xib; sourceTree = "<group>"; };
		92D4E6951B9E47E700430D3E /* Tele VisionTests.xctest */ = {isa = PBXFileReference; explicitFileType = wrapper.cfbundle; includeInIndex = 0; path = "Tele VisionTests.xctest"; sourceTree = BUILT_PRODUCTS_DIR; };
		92D4E69A1B9E47E700430D3E /* Info.plist */ = {isa = PBXFileReference; lastKnownFileType = text.plist.xml; path = Info.plist; sourceTree = "<group>"; };
		92D4E69B1B9E47E700430D3E /* Tele_VisionTests.swift */ = {isa = PBXFileReference; lastKnownFileType = sourcecode.swift; path = Tele_VisionTests.swift; sourceTree = "<group>"; };
		92F8FD481B9FA7AB0099300A /* logoTelevision.png */ = {isa = PBXFileReference; lastKnownFileType = image.png; path = logoTelevision.png; sourceTree = "<group>"; };
		92F8FD491B9FA7AB0099300A /* mayobg.png */ = {isa = PBXFileReference; lastKnownFileType = image.png; path = mayobg.png; sourceTree = "<group>"; };
		92F8FD4C1B9FA8830099300A /* LoginViewController.swift */ = {isa = PBXFileReference; fileEncoding = 4; lastKnownFileType = sourcecode.swift; path = LoginViewController.swift; sourceTree = "<group>"; };
		92F8FD4E1B9FA88D0099300A /* PatientIDViewController.swift */ = {isa = PBXFileReference; fileEncoding = 4; lastKnownFileType = sourcecode.swift; path = PatientIDViewController.swift; sourceTree = "<group>"; };
		C940ACEF1BE519D00019802B /* mayo-clinic-logo.png */ = {isa = PBXFileReference; lastKnownFileType = image.png; path = "mayo-clinic-logo.png"; sourceTree = SOURCE_ROOT; };
		C940ACF11BE51F290019802B /* mayo-clinic-shield.png */ = {isa = PBXFileReference; lastKnownFileType = image.png; path = "mayo-clinic-shield.png"; sourceTree = SOURCE_ROOT; };
		C96EB6981BE7EBB500DC7A5D /* mayo_splash.png */ = {isa = PBXFileReference; lastKnownFileType = image.png; path = mayo_splash.png; sourceTree = "<group>"; };
/* End PBXFileReference section */

/* Begin PBXFrameworksBuildPhase section */
		92D4E6791B9E47E700430D3E /* Frameworks */ = {
			isa = PBXFrameworksBuildPhase;
			buildActionMask = 2147483647;
			files = (
			);
			runOnlyForDeploymentPostprocessing = 0;
		};
		92D4E6921B9E47E700430D3E /* Frameworks */ = {
			isa = PBXFrameworksBuildPhase;
			buildActionMask = 2147483647;
			files = (
			);
			runOnlyForDeploymentPostprocessing = 0;
		};
/* End PBXFrameworksBuildPhase section */

/* Begin PBXGroup section */
		92D4E6731B9E47E700430D3E = {
			isa = PBXGroup;
			children = (
				92D4E67E1B9E47E700430D3E /* Tele Vision */,
				92D4E6981B9E47E700430D3E /* Tele VisionTests */,
				92D4E67D1B9E47E700430D3E /* Products */,
			);
			sourceTree = "<group>";
		};
		92D4E67D1B9E47E700430D3E /* Products */ = {
			isa = PBXGroup;
			children = (
				92D4E67C1B9E47E700430D3E /* Tele Vision.app */,
				92D4E6951B9E47E700430D3E /* Tele VisionTests.xctest */,
			);
			name = Products;
			sourceTree = "<group>";
		};
		92D4E67E1B9E47E700430D3E /* Tele Vision */ = {
			isa = PBXGroup;
			children = (
				C96EB6981BE7EBB500DC7A5D /* mayo_splash.png */,
				C940ACF11BE51F290019802B /* mayo-clinic-shield.png */,
				C940ACEF1BE519D00019802B /* mayo-clinic-logo.png */,
				92724B8B1BBCD2B0003969A2 /* pro.json */,
				92D4E6811B9E47E700430D3E /* AppDelegate.swift */,
				92D4E6851B9E47E700430D3E /* DataViewController.swift */,
				92D4E6871B9E47E700430D3E /* ModelController.swift */,
				92D4E6891B9E47E700430D3E /* Main.storyboard */,
				9254186E1BA0DA18007D2F96 /* SurveyViewController.swift */,
				925418701BA0DA29007D2F96 /* PhotoViewController.swift */,
				92724B8D1BBCD2DE003969A2 /* SwiftyJSON.swift */,
				92C9EE141BE9733600325004 /* SSRadioButtonController */,
				92C9EE161BE973BD00325004 /* SSRadioButton.swift */,
				92C9EE171BE973BD00325004 /* SSRadioButtonsController.swift */,
				92F8FD4C1B9FA8830099300A /* LoginViewController.swift */,
				92F8FD4E1B9FA88D0099300A /* PatientIDViewController.swift */,
				92F8FD481B9FA7AB0099300A /* logoTelevision.png */,
				92F8FD491B9FA7AB0099300A /* mayobg.png */,
				92D4E68C1B9E47E700430D3E /* Images.xcassets */,
				92D4E68E1B9E47E700430D3E /* LaunchScreen.xib */,
				92D4E67F1B9E47E700430D3E /* Supporting Files */,
				929919391BE889B300BB5BD9 /* SummaryViewController.swift */,
			);
			path = "Tele Vision";
			sourceTree = "<group>";
		};
		92D4E67F1B9E47E700430D3E /* Supporting Files */ = {
			isa = PBXGroup;
			children = (
				92D4E6801B9E47E700430D3E /* Info.plist */,
			);
			name = "Supporting Files";
			sourceTree = "<group>";
		};
		92D4E6981B9E47E700430D3E /* Tele VisionTests */ = {
			isa = PBXGroup;
			children = (
				92D4E69B1B9E47E700430D3E /* Tele_VisionTests.swift */,
				92D4E6991B9E47E700430D3E /* Supporting Files */,
			);
			path = "Tele VisionTests";
			sourceTree = "<group>";
		};
		92D4E6991B9E47E700430D3E /* Supporting Files */ = {
			isa = PBXGroup;
			children = (
				92D4E69A1B9E47E700430D3E /* Info.plist */,
			);
			name = "Supporting Files";
			sourceTree = "<group>";
		};
/* End PBXGroup section */

/* Begin PBXNativeTarget section */
		92D4E67B1B9E47E700430D3E /* Tele Vision */ = {
			isa = PBXNativeTarget;
			buildConfigurationList = 92D4E69F1B9E47E700430D3E /* Build configuration list for PBXNativeTarget "Tele Vision" */;
			buildPhases = (
				92D4E6781B9E47E700430D3E /* Sources */,
				92D4E6791B9E47E700430D3E /* Frameworks */,
				92D4E67A1B9E47E700430D3E /* Resources */,
			);
			buildRules = (
			);
			dependencies = (
			);
			name = "Tele Vision";
			productName = "Tele Vision";
			productReference = 92D4E67C1B9E47E700430D3E /* Tele Vision.app */;
			productType = "com.apple.product-type.application";
		};
		92D4E6941B9E47E700430D3E /* Tele VisionTests */ = {
			isa = PBXNativeTarget;
			buildConfigurationList = 92D4E6A21B9E47E700430D3E /* Build configuration list for PBXNativeTarget "Tele VisionTests" */;
			buildPhases = (
				92D4E6911B9E47E700430D3E /* Sources */,
				92D4E6921B9E47E700430D3E /* Frameworks */,
				92D4E6931B9E47E700430D3E /* Resources */,
			);
			buildRules = (
			);
			dependencies = (
				92D4E6971B9E47E700430D3E /* PBXTargetDependency */,
			);
			name = "Tele VisionTests";
			productName = "Tele VisionTests";
			productReference = 92D4E6951B9E47E700430D3E /* Tele VisionTests.xctest */;
			productType = "com.apple.product-type.bundle.unit-test";
		};
/* End PBXNativeTarget section */

/* Begin PBXProject section */
		92D4E6741B9E47E700430D3E /* Project object */ = {
			isa = PBXProject;
			attributes = {
				LastSwiftMigration = 0700;
				LastSwiftUpdateCheck = 0700;
				LastUpgradeCheck = 0710;
				ORGANIZATIONNAME = Capstone;
				TargetAttributes = {
					92D4E67B1B9E47E700430D3E = {
						CreatedOnToolsVersion = 6.4;
						DevelopmentTeam = 78FX3ZJ7G7;
					};
					92D4E6941B9E47E700430D3E = {
						CreatedOnToolsVersion = 6.4;
						TestTargetID = 92D4E67B1B9E47E700430D3E;
					};
				};
			};
			buildConfigurationList = 92D4E6771B9E47E700430D3E /* Build configuration list for PBXProject "Tele Vision" */;
			compatibilityVersion = "Xcode 3.2";
			developmentRegion = English;
			hasScannedForEncodings = 0;
			knownRegions = (
				en,
				Base,
			);
			mainGroup = 92D4E6731B9E47E700430D3E;
			productRefGroup = 92D4E67D1B9E47E700430D3E /* Products */;
			projectDirPath = "";
			projectRoot = "";
			targets = (
				92D4E67B1B9E47E700430D3E /* Tele Vision */,
				92D4E6941B9E47E700430D3E /* Tele VisionTests */,
			);
		};
/* End PBXProject section */

/* Begin PBXResourcesBuildPhase section */
		92D4E67A1B9E47E700430D3E /* Resources */ = {
			isa = PBXResourcesBuildPhase;
			buildActionMask = 2147483647;
			files = (
				92F8FD4B1B9FA7AB0099300A /* mayobg.png in Resources */,
				C940ACF01BE519D00019802B /* mayo-clinic-logo.png in Resources */,
				92F8FD4A1B9FA7AB0099300A /* logoTelevision.png in Resources */,
				92D4E68B1B9E47E700430D3E /* Main.storyboard in Resources */,
				C940ACF21BE51F290019802B /* mayo-clinic-shield.png in Resources */,
				92D4E6901B9E47E700430D3E /* LaunchScreen.xib in Resources */,
				C96EB6991BE7EBB500DC7A5D /* mayo_splash.png in Resources */,
				92D4E68D1B9E47E700430D3E /* Images.xcassets in Resources */,
				92C9EE151BE9733600325004 /* SSRadioButtonController in Resources */,
				92724B8C1BBCD2B0003969A2 /* pro.json in Resources */,
			);
			runOnlyForDeploymentPostprocessing = 0;
		};
		92D4E6931B9E47E700430D3E /* Resources */ = {
			isa = PBXResourcesBuildPhase;
			buildActionMask = 2147483647;
			files = (
			);
			runOnlyForDeploymentPostprocessing = 0;
		};
/* End PBXResourcesBuildPhase section */

/* Begin PBXSourcesBuildPhase section */
		92D4E6781B9E47E700430D3E /* Sources */ = {
			isa = PBXSourcesBuildPhase;
			buildActionMask = 2147483647;
			files = (
				9254186F1BA0DA18007D2F96 /* SurveyViewController.swift in Sources */,
				92D4E6881B9E47E700430D3E /* ModelController.swift in Sources */,
				92D4E6861B9E47E700430D3E /* DataViewController.swift in Sources */,
				92724B8E1BBCD2DE003969A2 /* SwiftyJSON.swift in Sources */,
				92F8FD4F1B9FA88D0099300A /* PatientIDViewController.swift in Sources */,
				925418711BA0DA29007D2F96 /* PhotoViewController.swift in Sources */,
				92C9EE191BE973BD00325004 /* SSRadioButtonsController.swift in Sources */,
				92F8FD4D1B9FA8830099300A /* LoginViewController.swift in Sources */,
				92D4E6821B9E47E700430D3E /* AppDelegate.swift in Sources */,
				9299193A1BE889B300BB5BD9 /* SummaryViewController.swift in Sources */,
				92C9EE181BE973BD00325004 /* SSRadioButton.swift in Sources */,
			);
			runOnlyForDeploymentPostprocessing = 0;
		};
		92D4E6911B9E47E700430D3E /* Sources */ = {
			isa = PBXSourcesBuildPhase;
			buildActionMask = 2147483647;
			files = (
				92D4E69C1B9E47E700430D3E /* Tele_VisionTests.swift in Sources */,
			);
			runOnlyForDeploymentPostprocessing = 0;
		};
/* End PBXSourcesBuildPhase section */

/* Begin PBXTargetDependency section */
		92D4E6971B9E47E700430D3E /* PBXTargetDependency */ = {
			isa = PBXTargetDependency;
			target = 92D4E67B1B9E47E700430D3E /* Tele Vision */;
			targetProxy = 92D4E6961B9E47E700430D3E /* PBXContainerItemProxy */;
		};
/* End PBXTargetDependency section */

/* Begin PBXVariantGroup section */
		92D4E6891B9E47E700430D3E /* Main.storyboard */ = {
			isa = PBXVariantGroup;
			children = (
				92D4E68A1B9E47E700430D3E /* Base */,
			);
			name = Main.storyboard;
			sourceTree = "<group>";
		};
		92D4E68E1B9E47E700430D3E /* LaunchScreen.xib */ = {
			isa = PBXVariantGroup;
			children = (
				92D4E68F1B9E47E700430D3E /* Base */,
			);
			name = LaunchScreen.xib;
			sourceTree = "<group>";
		};
/* End PBXVariantGroup section */

/* Begin XCBuildConfiguration section */
		92D4E69D1B9E47E700430D3E /* Debug */ = {
			isa = XCBuildConfiguration;
			buildSettings = {
				ALWAYS_SEARCH_USER_PATHS = NO;
				CLANG_CXX_LANGUAGE_STANDARD = "gnu++0x";
				CLANG_CXX_LIBRARY = "libc++";
				CLANG_ENABLE_MODULES = YES;
				CLANG_ENABLE_OBJC_ARC = YES;
				CLANG_WARN_BOOL_CONVERSION = YES;
				CLANG_WARN_CONSTANT_CONVERSION = YES;
				CLANG_WARN_DIRECT_OBJC_ISA_USAGE = YES_ERROR;
				CLANG_WARN_EMPTY_BODY = YES;
				CLANG_WARN_ENUM_CONVERSION = YES;
				CLANG_WARN_INT_CONVERSION = YES;
				CLANG_WARN_OBJC_ROOT_CLASS = YES_ERROR;
				CLANG_WARN_UNREACHABLE_CODE = YES;
				CLANG_WARN__DUPLICATE_METHOD_MATCH = YES;
				"CODE_SIGN_IDENTITY[sdk=iphoneos*]" = "iPhone Developer";
				COPY_PHASE_STRIP = NO;
				DEBUG_INFORMATION_FORMAT = "dwarf-with-dsym";
				ENABLE_BITCODE = NO;
				ENABLE_STRICT_OBJC_MSGSEND = YES;
				ENABLE_TESTABILITY = YES;
				GCC_C_LANGUAGE_STANDARD = gnu99;
				GCC_DYNAMIC_NO_PIC = NO;
				GCC_NO_COMMON_BLOCKS = YES;
				GCC_OPTIMIZATION_LEVEL = 0;
				GCC_PREPROCESSOR_DEFINITIONS = (
					"DEBUG=1",
					"$(inherited)",
				);
				GCC_SYMBOLS_PRIVATE_EXTERN = NO;
				GCC_WARN_64_TO_32_BIT_CONVERSION = YES;
				GCC_WARN_ABOUT_RETURN_TYPE = YES_ERROR;
				GCC_WARN_UNDECLARED_SELECTOR = YES;
				GCC_WARN_UNINITIALIZED_AUTOS = YES_AGGRESSIVE;
				GCC_WARN_UNUSED_FUNCTION = YES;
				GCC_WARN_UNUSED_VARIABLE = YES;
				IPHONEOS_DEPLOYMENT_TARGET = 8.4;
				MTL_ENABLE_DEBUG_INFO = YES;
				ONLY_ACTIVE_ARCH = YES;
				SDKROOT = iphoneos;
				SWIFT_OPTIMIZATION_LEVEL = "-O";
				TARGETED_DEVICE_FAMILY = "1,2";
			};
			name = Debug;
		};
		92D4E69E1B9E47E700430D3E /* Release */ = {
			isa = XCBuildConfiguration;
			buildSettings = {
				ALWAYS_SEARCH_USER_PATHS = NO;
				CLANG_CXX_LANGUAGE_STANDARD = "gnu++0x";
				CLANG_CXX_LIBRARY = "libc++";
				CLANG_ENABLE_MODULES = YES;
				CLANG_ENABLE_OBJC_ARC = YES;
				CLANG_WARN_BOOL_CONVERSION = YES;
				CLANG_WARN_CONSTANT_CONVERSION = YES;
				CLANG_WARN_DIRECT_OBJC_ISA_USAGE = YES_ERROR;
				CLANG_WARN_EMPTY_BODY = YES;
				CLANG_WARN_ENUM_CONVERSION = YES;
				CLANG_WARN_INT_CONVERSION = YES;
				CLANG_WARN_OBJC_ROOT_CLASS = YES_ERROR;
				CLANG_WARN_UNREACHABLE_CODE = YES;
				CLANG_WARN__DUPLICATE_METHOD_MATCH = YES;
				"CODE_SIGN_IDENTITY[sdk=iphoneos*]" = "iPhone Developer";
				COPY_PHASE_STRIP = NO;
				DEBUG_INFORMATION_FORMAT = "dwarf-with-dsym";
				ENABLE_BITCODE = NO;
				ENABLE_NS_ASSERTIONS = NO;
				ENABLE_STRICT_OBJC_MSGSEND = YES;
				GCC_C_LANGUAGE_STANDARD = gnu99;
				GCC_NO_COMMON_BLOCKS = YES;
				GCC_WARN_64_TO_32_BIT_CONVERSION = YES;
				GCC_WARN_ABOUT_RETURN_TYPE = YES_ERROR;
				GCC_WARN_UNDECLARED_SELECTOR = YES;
				GCC_WARN_UNINITIALIZED_AUTOS = YES_AGGRESSIVE;
				GCC_WARN_UNUSED_FUNCTION = YES;
				GCC_WARN_UNUSED_VARIABLE = YES;
				IPHONEOS_DEPLOYMENT_TARGET = 8.4;
				MTL_ENABLE_DEBUG_INFO = NO;
				SDKROOT = iphoneos;
				SWIFT_OPTIMIZATION_LEVEL = "-O";
				TARGETED_DEVICE_FAMILY = "1,2";
				VALIDATE_PRODUCT = YES;
			};
			name = Release;
		};
		92D4E6A01B9E47E700430D3E /* Debug */ = {
			isa = XCBuildConfiguration;
			buildSettings = {
				ASSETCATALOG_COMPILER_APPICON_NAME = AppIcon;
				CODE_SIGN_IDENTITY = "iPhone Developer";
				"CODE_SIGN_IDENTITY[sdk=iphoneos*]" = "iPhone Developer";
				ENABLE_BITCODE = NO;
				INFOPLIST_FILE = "Tele Vision/Info.plist";
				LD_RUNPATH_SEARCH_PATHS = "$(inherited) @executable_path/Frameworks";
				PRODUCT_BUNDLE_IDENTIFIER = "com.capstone2.Tele-Vision.Tele-Vision";
				PRODUCT_NAME = "$(TARGET_NAME)";
				PROVISIONING_PROFILE = "";
			};
			name = Debug;
		};
		92D4E6A11B9E47E700430D3E /* Release */ = {
			isa = XCBuildConfiguration;
			buildSettings = {
				ASSETCATALOG_COMPILER_APPICON_NAME = AppIcon;
				CODE_SIGN_IDENTITY = "iPhone Developer";
				"CODE_SIGN_IDENTITY[sdk=iphoneos*]" = "iPhone Developer";
				ENABLE_BITCODE = NO;
				INFOPLIST_FILE = "Tele Vision/Info.plist";
				LD_RUNPATH_SEARCH_PATHS = "$(inherited) @executable_path/Frameworks";
				PRODUCT_BUNDLE_IDENTIFIER = "com.capstone2.Tele-Vision.Tele-Vision";
				PRODUCT_NAME = "$(TARGET_NAME)";
				PROVISIONING_PROFILE = "";
			};
			name = Release;
		};
		92D4E6A31B9E47E700430D3E /* Debug */ = {
			isa = XCBuildConfiguration;
			buildSettings = {
				BUNDLE_LOADER = "$(TEST_HOST)";
				FRAMEWORK_SEARCH_PATHS = (
					"$(SDKROOT)/Developer/Library/Frameworks",
					"$(inherited)",
				);
				GCC_PREPROCESSOR_DEFINITIONS = (
					"DEBUG=1",
					"$(inherited)",
				);
				INFOPLIST_FILE = "Tele VisionTests/Info.plist";
				LD_RUNPATH_SEARCH_PATHS = "$(inherited) @executable_path/Frameworks @loader_path/Frameworks";
				PRODUCT_BUNDLE_IDENTIFIER = "com.capstone.Tele-Vision.$(PRODUCT_NAME:rfc1034identifier)";
				PRODUCT_NAME = "$(TARGET_NAME)";
				TEST_HOST = "$(BUILT_PRODUCTS_DIR)/Tele Vision.app/Tele Vision";
			};
			name = Debug;
		};
		92D4E6A41B9E47E700430D3E /* Release */ = {
			isa = XCBuildConfiguration;
			buildSettings = {
				BUNDLE_LOADER = "$(TEST_HOST)";
				FRAMEWORK_SEARCH_PATHS = (
					"$(SDKROOT)/Developer/Library/Frameworks",
					"$(inherited)",
				);
				INFOPLIST_FILE = "Tele VisionTests/Info.plist";
				LD_RUNPATH_SEARCH_PATHS = "$(inherited) @executable_path/Frameworks @loader_path/Frameworks";
				PRODUCT_BUNDLE_IDENTIFIER = "com.capstone.Tele-Vision.$(PRODUCT_NAME:rfc1034identifier)";
				PRODUCT_NAME = "$(TARGET_NAME)";
				TEST_HOST = "$(BUILT_PRODUCTS_DIR)/Tele Vision.app/Tele Vision";
			};
			name = Release;
		};
/* End XCBuildConfiguration section */

/* Begin XCConfigurationList section */
		92D4E6771B9E47E700430D3E /* Build configuration list for PBXProject "Tele Vision" */ = {
			isa = XCConfigurationList;
			buildConfigurations = (
				92D4E69D1B9E47E700430D3E /* Debug */,
				92D4E69E1B9E47E700430D3E /* Release */,
			);
			defaultConfigurationIsVisible = 0;
			defaultConfigurationName = Release;
		};
		92D4E69F1B9E47E700430D3E /* Build configuration list for PBXNativeTarget "Tele Vision" */ = {
			isa = XCConfigurationList;
			buildConfigurations = (
				92D4E6A01B9E47E700430D3E /* Debug */,
				92D4E6A11B9E47E700430D3E /* Release */,
			);
			defaultConfigurationIsVisible = 0;
			defaultConfigurationName = Release;
		};
		92D4E6A21B9E47E700430D3E /* Build configuration list for PBXNativeTarget "Tele VisionTests" */ = {
			isa = XCConfigurationList;
			buildConfigurations = (
				92D4E6A31B9E47E700430D3E /* Debug */,
				92D4E6A41B9E47E700430D3E /* Release */,
			);
			defaultConfigurationIsVisible = 0;
			defaultConfigurationName = Release;
		};
/* End XCConfigurationList section */
	};
	rootObject = 92D4E6741B9E47E700430D3E /* Project object */;
}
